// !$*UTF8*$!
{
	archiveVersion = 1;
	classes = {
	};
	objectVersion = 46;
	objects = {

/* Begin PBXBuildFile section */
		09DBC2413AE84CD68BE30B33 /* FontAwesome.ttf in Resources */ = {isa = PBXBuildFile; fileRef = 2383342B049147429EEF616E /* FontAwesome.ttf */; };
		13B07FBC1A68108700A75B9A /* AppDelegate.m in Sources */ = {isa = PBXBuildFile; fileRef = 13B07FB01A68108700A75B9A /* AppDelegate.m */; };
		13B07FBD1A68108700A75B9A /* LaunchScreen.xib in Resources */ = {isa = PBXBuildFile; fileRef = 13B07FB11A68108700A75B9A /* LaunchScreen.xib */; };
		13B07FBF1A68108700A75B9A /* Images.xcassets in Resources */ = {isa = PBXBuildFile; fileRef = 13B07FB51A68108700A75B9A /* Images.xcassets */; };
		13B07FC11A68108700A75B9A /* main.m in Sources */ = {isa = PBXBuildFile; fileRef = 13B07FB71A68108700A75B9A /* main.m */; };
		1C1800E92E25499791B6BE3A /* MaterialCommunityIcons.ttf in Resources */ = {isa = PBXBuildFile; fileRef = 0877C8C76C8B48199C36A011 /* MaterialCommunityIcons.ttf */; };
		26C1397FE23040C59E56EE1D /* FontAwesome5_Brands.ttf in Resources */ = {isa = PBXBuildFile; fileRef = 7ECB7C8074444EAF92FF0410 /* FontAwesome5_Brands.ttf */; };
		4233CC589544484EAB2F29D7 /* Fontisto.ttf in Resources */ = {isa = PBXBuildFile; fileRef = 68CB631B87764319B3ABEFFE /* Fontisto.ttf */; };
		4B7A0154FF4A4B6E8756FF34 /* Entypo.ttf in Resources */ = {isa = PBXBuildFile; fileRef = BB46F17D05AA4BDAB9F77E8E /* Entypo.ttf */; };
		5031DFE0ED454E6ABB610A55 /* AntDesign.ttf in Resources */ = {isa = PBXBuildFile; fileRef = C303CDF63298408DB8328733 /* AntDesign.ttf */; };
		53FDD894D25D40E6A59F869F /* Octicons.ttf in Resources */ = {isa = PBXBuildFile; fileRef = 469EAB8A9B6345F2987604DF /* Octicons.ttf */; };
		5818EF15B44C42E9A738025A /* SimpleLineIcons.ttf in Resources */ = {isa = PBXBuildFile; fileRef = BD11E360B0D94ED5A3BF51CC /* SimpleLineIcons.ttf */; };
		690F40E990274F22837512AC /* Ionicons.ttf in Resources */ = {isa = PBXBuildFile; fileRef = 0405D7903EDB489C8E47B682 /* Ionicons.ttf */; };
		6B2B56FAC78D4316BE090FA6 /* FontAwesome5_Regular.ttf in Resources */ = {isa = PBXBuildFile; fileRef = E7D5E4104B0649588668BA3B /* FontAwesome5_Regular.ttf */; };
		92CF5CA9A14E4450AF87DD03 /* Zocial.ttf in Resources */ = {isa = PBXBuildFile; fileRef = 64D2104D03F2437E8801FC68 /* Zocial.ttf */; };
		BAB381CBC8DB47D692290F7E /* EvilIcons.ttf in Resources */ = {isa = PBXBuildFile; fileRef = 8B0C2CEC1B0A4E148FF366DD /* EvilIcons.ttf */; };
		BD9AFAD1F16540DEB5EE7529 /* Feather.ttf in Resources */ = {isa = PBXBuildFile; fileRef = 765B454FB1CC482C94806A41 /* Feather.ttf */; };
		C0B546690FAC4A71883E6049 /* Foundation.ttf in Resources */ = {isa = PBXBuildFile; fileRef = F58CB3B3A7694741A50B43F0 /* Foundation.ttf */; };
		C4DE189053B998CBAF1FA40B /* libPods-CargasNordeste.a in Frameworks */ = {isa = PBXBuildFile; fileRef = 1A15DAB266C5141FF51275D6 /* libPods-CargasNordeste.a */; };
		CDD9176BFCA34B4A8507115E /* FontAwesome5_Solid.ttf in Resources */ = {isa = PBXBuildFile; fileRef = AF2626DE03DD41C1AF0A08F1 /* FontAwesome5_Solid.ttf */; };
		F37D399372D44E8DB1C5D5F1 /* MaterialIcons.ttf in Resources */ = {isa = PBXBuildFile; fileRef = E343F31DE35F49DD9F2BB5E6 /* MaterialIcons.ttf */; };
		F3DE598525FBB1DA009D317B /* Empty.swift in Sources */ = {isa = PBXBuildFile; fileRef = F3DE598425FBB1DA009D317B /* Empty.swift */; };
		F3DE59F925FBB332009D317B /* JavaScriptCore.framework in Frameworks */ = {isa = PBXBuildFile; fileRef = F3DE59F825FBB332009D317B /* JavaScriptCore.framework */; };
/* End PBXBuildFile section */

/* Begin PBXFileReference section */
		008F07F21AC5B25A0029DE68 /* main.jsbundle */ = {isa = PBXFileReference; fileEncoding = 4; lastKnownFileType = text; path = main.jsbundle; sourceTree = "<group>"; };
		00E356F11AD99517003FC87E /* Info.plist */ = {isa = PBXFileReference; lastKnownFileType = text.plist.xml; path = Info.plist; sourceTree = "<group>"; };
		00E356F21AD99517003FC87E /* CargasNordesteTests.m */ = {isa = PBXFileReference; lastKnownFileType = sourcecode.c.objc; path = CargasNordesteTests.m; sourceTree = "<group>"; };
		03CE11DCCC19EDBA0D6C6B00 /* Pods-CargasNordeste.release.xcconfig */ = {isa = PBXFileReference; includeInIndex = 1; lastKnownFileType = text.xcconfig; name = "Pods-CargasNordeste.release.xcconfig"; path = "Target Support Files/Pods-CargasNordeste/Pods-CargasNordeste.release.xcconfig"; sourceTree = "<group>"; };
		0405D7903EDB489C8E47B682 /* Ionicons.ttf */ = {isa = PBXFileReference; explicitFileType = undefined; fileEncoding = 9; includeInIndex = 0; lastKnownFileType = unknown; name = Ionicons.ttf; path = "../node_modules/react-native-vector-icons/Fonts/Ionicons.ttf"; sourceTree = "<group>"; };
		0877C8C76C8B48199C36A011 /* MaterialCommunityIcons.ttf */ = {isa = PBXFileReference; explicitFileType = undefined; fileEncoding = 9; includeInIndex = 0; lastKnownFileType = unknown; name = MaterialCommunityIcons.ttf; path = "../node_modules/react-native-vector-icons/Fonts/MaterialCommunityIcons.ttf"; sourceTree = "<group>"; };
		13B07F961A680F5B00A75B9A /* CargasNordeste.app */ = {isa = PBXFileReference; explicitFileType = wrapper.application; includeInIndex = 0; path = CargasNordeste.app; sourceTree = BUILT_PRODUCTS_DIR; };
		13B07FAF1A68108700A75B9A /* AppDelegate.h */ = {isa = PBXFileReference; fileEncoding = 4; lastKnownFileType = sourcecode.c.h; name = AppDelegate.h; path = CargasNordeste/AppDelegate.h; sourceTree = "<group>"; };
		13B07FB01A68108700A75B9A /* AppDelegate.m */ = {isa = PBXFileReference; fileEncoding = 4; lastKnownFileType = sourcecode.c.objc; name = AppDelegate.m; path = CargasNordeste/AppDelegate.m; sourceTree = "<group>"; };
		13B07FB21A68108700A75B9A /* Base */ = {isa = PBXFileReference; lastKnownFileType = file.xib; name = Base; path = Base.lproj/LaunchScreen.xib; sourceTree = "<group>"; };
		13B07FB51A68108700A75B9A /* Images.xcassets */ = {isa = PBXFileReference; lastKnownFileType = folder.assetcatalog; name = Images.xcassets; path = CargasNordeste/Images.xcassets; sourceTree = "<group>"; };
		13B07FB61A68108700A75B9A /* Info.plist */ = {isa = PBXFileReference; fileEncoding = 4; lastKnownFileType = text.plist.xml; name = Info.plist; path = CargasNordeste/Info.plist; sourceTree = "<group>"; };
		13B07FB71A68108700A75B9A /* main.m */ = {isa = PBXFileReference; fileEncoding = 4; lastKnownFileType = sourcecode.c.objc; name = main.m; path = CargasNordeste/main.m; sourceTree = "<group>"; };
		1A15DAB266C5141FF51275D6 /* libPods-CargasNordeste.a */ = {isa = PBXFileReference; explicitFileType = archive.ar; includeInIndex = 0; path = "libPods-CargasNordeste.a"; sourceTree = BUILT_PRODUCTS_DIR; };
		2383342B049147429EEF616E /* FontAwesome.ttf */ = {isa = PBXFileReference; explicitFileType = undefined; fileEncoding = 9; includeInIndex = 0; lastKnownFileType = unknown; name = FontAwesome.ttf; path = "../node_modules/react-native-vector-icons/Fonts/FontAwesome.ttf"; sourceTree = "<group>"; };
		2D16E6891FA4F8E400B85C8A /* libReact.a */ = {isa = PBXFileReference; explicitFileType = archive.ar; path = libReact.a; sourceTree = BUILT_PRODUCTS_DIR; };
		469EAB8A9B6345F2987604DF /* Octicons.ttf */ = {isa = PBXFileReference; explicitFileType = undefined; fileEncoding = 9; includeInIndex = 0; lastKnownFileType = unknown; name = Octicons.ttf; path = "../node_modules/react-native-vector-icons/Fonts/Octicons.ttf"; sourceTree = "<group>"; };
		64D2104D03F2437E8801FC68 /* Zocial.ttf */ = {isa = PBXFileReference; explicitFileType = undefined; fileEncoding = 9; includeInIndex = 0; lastKnownFileType = unknown; name = Zocial.ttf; path = "../node_modules/react-native-vector-icons/Fonts/Zocial.ttf"; sourceTree = "<group>"; };
		68CB631B87764319B3ABEFFE /* Fontisto.ttf */ = {isa = PBXFileReference; explicitFileType = undefined; fileEncoding = 9; includeInIndex = 0; lastKnownFileType = unknown; name = Fontisto.ttf; path = "../node_modules/react-native-vector-icons/Fonts/Fontisto.ttf"; sourceTree = "<group>"; };
		765B454FB1CC482C94806A41 /* Feather.ttf */ = {isa = PBXFileReference; explicitFileType = undefined; fileEncoding = 9; includeInIndex = 0; lastKnownFileType = unknown; name = Feather.ttf; path = "../node_modules/react-native-vector-icons/Fonts/Feather.ttf"; sourceTree = "<group>"; };
		7ECB7C8074444EAF92FF0410 /* FontAwesome5_Brands.ttf */ = {isa = PBXFileReference; explicitFileType = undefined; fileEncoding = 9; includeInIndex = 0; lastKnownFileType = unknown; name = FontAwesome5_Brands.ttf; path = "../node_modules/react-native-vector-icons/Fonts/FontAwesome5_Brands.ttf"; sourceTree = "<group>"; };
		8B0C2CEC1B0A4E148FF366DD /* EvilIcons.ttf */ = {isa = PBXFileReference; explicitFileType = undefined; fileEncoding = 9; includeInIndex = 0; lastKnownFileType = unknown; name = EvilIcons.ttf; path = "../node_modules/react-native-vector-icons/Fonts/EvilIcons.ttf"; sourceTree = "<group>"; };
		AF2626DE03DD41C1AF0A08F1 /* FontAwesome5_Solid.ttf */ = {isa = PBXFileReference; explicitFileType = undefined; fileEncoding = 9; includeInIndex = 0; lastKnownFileType = unknown; name = FontAwesome5_Solid.ttf; path = "../node_modules/react-native-vector-icons/Fonts/FontAwesome5_Solid.ttf"; sourceTree = "<group>"; };
		BB46F17D05AA4BDAB9F77E8E /* Entypo.ttf */ = {isa = PBXFileReference; explicitFileType = undefined; fileEncoding = 9; includeInIndex = 0; lastKnownFileType = unknown; name = Entypo.ttf; path = "../node_modules/react-native-vector-icons/Fonts/Entypo.ttf"; sourceTree = "<group>"; };
		BD11E360B0D94ED5A3BF51CC /* SimpleLineIcons.ttf */ = {isa = PBXFileReference; explicitFileType = undefined; fileEncoding = 9; includeInIndex = 0; lastKnownFileType = unknown; name = SimpleLineIcons.ttf; path = "../node_modules/react-native-vector-icons/Fonts/SimpleLineIcons.ttf"; sourceTree = "<group>"; };
		C303CDF63298408DB8328733 /* AntDesign.ttf */ = {isa = PBXFileReference; explicitFileType = undefined; fileEncoding = 9; includeInIndex = 0; lastKnownFileType = unknown; name = AntDesign.ttf; path = "../node_modules/react-native-vector-icons/Fonts/AntDesign.ttf"; sourceTree = "<group>"; };
		D1A59D0D181129347C6F4AB4 /* Pods-CargasNordeste.debug.xcconfig */ = {isa = PBXFileReference; includeInIndex = 1; lastKnownFileType = text.xcconfig; name = "Pods-CargasNordeste.debug.xcconfig"; path = "Target Support Files/Pods-CargasNordeste/Pods-CargasNordeste.debug.xcconfig"; sourceTree = "<group>"; };
		E343F31DE35F49DD9F2BB5E6 /* MaterialIcons.ttf */ = {isa = PBXFileReference; explicitFileType = undefined; fileEncoding = 9; includeInIndex = 0; lastKnownFileType = unknown; name = MaterialIcons.ttf; path = "../node_modules/react-native-vector-icons/Fonts/MaterialIcons.ttf"; sourceTree = "<group>"; };
		E7D5E4104B0649588668BA3B /* FontAwesome5_Regular.ttf */ = {isa = PBXFileReference; explicitFileType = undefined; fileEncoding = 9; includeInIndex = 0; lastKnownFileType = unknown; name = FontAwesome5_Regular.ttf; path = "../node_modules/react-native-vector-icons/Fonts/FontAwesome5_Regular.ttf"; sourceTree = "<group>"; };
		F3DE598225FBB1DA009D317B /* CargasNordeste-Bridging-Header.h */ = {isa = PBXFileReference; lastKnownFileType = sourcecode.c.h; path = "CargasNordeste-Bridging-Header.h"; sourceTree = "<group>"; };
		F3DE598325FBB1DA009D317B /* CargasNordeste-tvOS-Bridging-Header.h */ = {isa = PBXFileReference; lastKnownFileType = sourcecode.c.h; path = "CargasNordeste-tvOS-Bridging-Header.h"; sourceTree = "<group>"; };
		F3DE598425FBB1DA009D317B /* Empty.swift */ = {isa = PBXFileReference; lastKnownFileType = sourcecode.swift; name = Empty.swift; path = CargasNordeste/Empty.swift; sourceTree = "<group>"; };
		F3DE598B25FBB200009D317B /* CargasNordesteTests-Bridging-Header.h */ = {isa = PBXFileReference; lastKnownFileType = sourcecode.c.h; path = "CargasNordesteTests-Bridging-Header.h"; sourceTree = "<group>"; };
		F3DE598C25FBB201009D317B /* Empty-test.swift */ = {isa = PBXFileReference; lastKnownFileType = sourcecode.swift; path = "Empty-test.swift"; sourceTree = "<group>"; };
		F3DE59F825FBB332009D317B /* JavaScriptCore.framework */ = {isa = PBXFileReference; lastKnownFileType = wrapper.framework; name = JavaScriptCore.framework; path = System/Library/Frameworks/JavaScriptCore.framework; sourceTree = SDKROOT; };
		F58CB3B3A7694741A50B43F0 /* Foundation.ttf */ = {isa = PBXFileReference; explicitFileType = undefined; fileEncoding = 9; includeInIndex = 0; lastKnownFileType = unknown; name = Foundation.ttf; path = "../node_modules/react-native-vector-icons/Fonts/Foundation.ttf"; sourceTree = "<group>"; };
/* End PBXFileReference section */

/* Begin PBXFrameworksBuildPhase section */
		13B07F8C1A680F5B00A75B9A /* Frameworks */ = {
			isa = PBXFrameworksBuildPhase;
			buildActionMask = 2147483647;
			files = (
				F3DE59F925FBB332009D317B /* JavaScriptCore.framework in Frameworks */,
				C4DE189053B998CBAF1FA40B /* libPods-CargasNordeste.a in Frameworks */,
			);
			runOnlyForDeploymentPostprocessing = 0;
		};
/* End PBXFrameworksBuildPhase section */

/* Begin PBXGroup section */
		00E356EF1AD99517003FC87E /* CargasNordesteTests */ = {
			isa = PBXGroup;
			children = (
				00E356F21AD99517003FC87E /* CargasNordesteTests.m */,
				00E356F01AD99517003FC87E /* Supporting Files */,
				F3DE598C25FBB201009D317B /* Empty-test.swift */,
				F3DE598B25FBB200009D317B /* CargasNordesteTests-Bridging-Header.h */,
			);
			path = CargasNordesteTests;
			sourceTree = "<group>";
		};
		00E356F01AD99517003FC87E /* Supporting Files */ = {
			isa = PBXGroup;
			children = (
				00E356F11AD99517003FC87E /* Info.plist */,
			);
			name = "Supporting Files";
			sourceTree = "<group>";
		};
		13B07FAE1A68108700A75B9A /* CargasNordeste */ = {
			isa = PBXGroup;
			children = (
				008F07F21AC5B25A0029DE68 /* main.jsbundle */,
				13B07FAF1A68108700A75B9A /* AppDelegate.h */,
				13B07FB01A68108700A75B9A /* AppDelegate.m */,
				13B07FB51A68108700A75B9A /* Images.xcassets */,
				13B07FB61A68108700A75B9A /* Info.plist */,
				13B07FB11A68108700A75B9A /* LaunchScreen.xib */,
				13B07FB71A68108700A75B9A /* main.m */,
				F3DE598425FBB1DA009D317B /* Empty.swift */,
				F3DE598225FBB1DA009D317B /* CargasNordeste-Bridging-Header.h */,
				F3DE598325FBB1DA009D317B /* CargasNordeste-tvOS-Bridging-Header.h */,
			);
			name = CargasNordeste;
			sourceTree = "<group>";
		};
		2D16E6871FA4F8E400B85C8A /* Frameworks */ = {
			isa = PBXGroup;
			children = (
				F3DE59F825FBB332009D317B /* JavaScriptCore.framework */,
				2D16E6891FA4F8E400B85C8A /* libReact.a */,
				1A15DAB266C5141FF51275D6 /* libPods-CargasNordeste.a */,
			);
			name = Frameworks;
			sourceTree = "<group>";
		};
		33CA5A10114796F12C06A5A8 /* Pods */ = {
			isa = PBXGroup;
			children = (
				D1A59D0D181129347C6F4AB4 /* Pods-CargasNordeste.debug.xcconfig */,
				03CE11DCCC19EDBA0D6C6B00 /* Pods-CargasNordeste.release.xcconfig */,
			);
			path = Pods;
			sourceTree = "<group>";
		};
		832341AE1AAA6A7D00B99B32 /* Libraries */ = {
			isa = PBXGroup;
			children = (
			);
			name = Libraries;
			sourceTree = "<group>";
		};
		83CBB9F61A601CBA00E9B192 = {
			isa = PBXGroup;
			children = (
				13B07FAE1A68108700A75B9A /* CargasNordeste */,
				832341AE1AAA6A7D00B99B32 /* Libraries */,
				00E356EF1AD99517003FC87E /* CargasNordesteTests */,
				83CBBA001A601CBA00E9B192 /* Products */,
				2D16E6871FA4F8E400B85C8A /* Frameworks */,
				ECDEBB4AAAC34D13BDBC5AEE /* Resources */,
				A59D6311217A5CE4004C4460 /* Recovered References */,
				33CA5A10114796F12C06A5A8 /* Pods */,
			);
			indentWidth = 2;
			sourceTree = "<group>";
			tabWidth = 2;
			usesTabs = 0;
		};
		83CBBA001A601CBA00E9B192 /* Products */ = {
			isa = PBXGroup;
			children = (
				13B07F961A680F5B00A75B9A /* CargasNordeste.app */,
			);
			name = Products;
			sourceTree = "<group>";
		};
		A59D6311217A5CE4004C4460 /* Recovered References */ = {
			isa = PBXGroup;
			children = (
			);
			name = "Recovered References";
			sourceTree = "<group>";
		};
		ECDEBB4AAAC34D13BDBC5AEE /* Resources */ = {
			isa = PBXGroup;
			children = (
				C303CDF63298408DB8328733 /* AntDesign.ttf */,
				BB46F17D05AA4BDAB9F77E8E /* Entypo.ttf */,
				8B0C2CEC1B0A4E148FF366DD /* EvilIcons.ttf */,
				765B454FB1CC482C94806A41 /* Feather.ttf */,
				2383342B049147429EEF616E /* FontAwesome.ttf */,
				7ECB7C8074444EAF92FF0410 /* FontAwesome5_Brands.ttf */,
				E7D5E4104B0649588668BA3B /* FontAwesome5_Regular.ttf */,
				AF2626DE03DD41C1AF0A08F1 /* FontAwesome5_Solid.ttf */,
				68CB631B87764319B3ABEFFE /* Fontisto.ttf */,
				F58CB3B3A7694741A50B43F0 /* Foundation.ttf */,
				0405D7903EDB489C8E47B682 /* Ionicons.ttf */,
				0877C8C76C8B48199C36A011 /* MaterialCommunityIcons.ttf */,
				E343F31DE35F49DD9F2BB5E6 /* MaterialIcons.ttf */,
				469EAB8A9B6345F2987604DF /* Octicons.ttf */,
				BD11E360B0D94ED5A3BF51CC /* SimpleLineIcons.ttf */,
				64D2104D03F2437E8801FC68 /* Zocial.ttf */,
			);
			name = Resources;
			sourceTree = "<group>";
		};
/* End PBXGroup section */

/* Begin PBXNativeTarget section */
		13B07F861A680F5B00A75B9A /* CargasNordeste */ = {
			isa = PBXNativeTarget;
			buildConfigurationList = 13B07F931A680F5B00A75B9A /* Build configuration list for PBXNativeTarget "CargasNordeste" */;
			buildPhases = (
				632BE85ECC870A60840739FF /* [CP] Check Pods Manifest.lock */,
				13B07F871A680F5B00A75B9A /* Sources */,
				13B07F8C1A680F5B00A75B9A /* Frameworks */,
				13B07F8E1A680F5B00A75B9A /* Resources */,
				00DD1BFF1BD5951E006B06BC /* Bundle React Native code and images */,
				7CC8C5398B68D063F66D8471 /* [CP] Copy Pods Resources */,
			);
			buildRules = (
			);
			dependencies = (
			);
			name = CargasNordeste;
			productName = "Hello World";
			productReference = 13B07F961A680F5B00A75B9A /* CargasNordeste.app */;
			productType = "com.apple.product-type.application";
		};
/* End PBXNativeTarget section */

/* Begin PBXProject section */
		83CBB9F71A601CBA00E9B192 /* Project object */ = {
			isa = PBXProject;
			attributes = {
				LastUpgradeCheck = 610;
				ORGANIZATIONNAME = Facebook;
				TargetAttributes = {
					13B07F861A680F5B00A75B9A = {
						DevelopmentTeam = 7BDK5V6R2A;
						LastSwiftMigration = 1200;
					};
				};
			};
			buildConfigurationList = 83CBB9FA1A601CBA00E9B192 /* Build configuration list for PBXProject "CargasNordeste" */;
			compatibilityVersion = "Xcode 3.2";
			developmentRegion = English;
			hasScannedForEncodings = 0;
			knownRegions = (
				English,
				en,
				Base,
			);
			mainGroup = 83CBB9F61A601CBA00E9B192;
			productRefGroup = 83CBBA001A601CBA00E9B192 /* Products */;
			projectDirPath = "";
			projectRoot = "";
			targets = (
				13B07F861A680F5B00A75B9A /* CargasNordeste */,
			);
		};
/* End PBXProject section */

/* Begin PBXResourcesBuildPhase section */
		13B07F8E1A680F5B00A75B9A /* Resources */ = {
			isa = PBXResourcesBuildPhase;
			buildActionMask = 2147483647;
			files = (
				13B07FBF1A68108700A75B9A /* Images.xcassets in Resources */,
				13B07FBD1A68108700A75B9A /* LaunchScreen.xib in Resources */,
				5031DFE0ED454E6ABB610A55 /* AntDesign.ttf in Resources */,
				4B7A0154FF4A4B6E8756FF34 /* Entypo.ttf in Resources */,
				BAB381CBC8DB47D692290F7E /* EvilIcons.ttf in Resources */,
				BD9AFAD1F16540DEB5EE7529 /* Feather.ttf in Resources */,
				09DBC2413AE84CD68BE30B33 /* FontAwesome.ttf in Resources */,
				26C1397FE23040C59E56EE1D /* FontAwesome5_Brands.ttf in Resources */,
				6B2B56FAC78D4316BE090FA6 /* FontAwesome5_Regular.ttf in Resources */,
				CDD9176BFCA34B4A8507115E /* FontAwesome5_Solid.ttf in Resources */,
				4233CC589544484EAB2F29D7 /* Fontisto.ttf in Resources */,
				C0B546690FAC4A71883E6049 /* Foundation.ttf in Resources */,
				690F40E990274F22837512AC /* Ionicons.ttf in Resources */,
				1C1800E92E25499791B6BE3A /* MaterialCommunityIcons.ttf in Resources */,
				F37D399372D44E8DB1C5D5F1 /* MaterialIcons.ttf in Resources */,
				53FDD894D25D40E6A59F869F /* Octicons.ttf in Resources */,
				5818EF15B44C42E9A738025A /* SimpleLineIcons.ttf in Resources */,
				92CF5CA9A14E4450AF87DD03 /* Zocial.ttf in Resources */,
			);
			runOnlyForDeploymentPostprocessing = 0;
		};
/* End PBXResourcesBuildPhase section */

/* Begin PBXShellScriptBuildPhase section */
		00DD1BFF1BD5951E006B06BC /* Bundle React Native code and images */ = {
			isa = PBXShellScriptBuildPhase;
			buildActionMask = 2147483647;
			files = (
			);
			inputPaths = (
			);
			name = "Bundle React Native code and images";
			outputPaths = (
			);
			runOnlyForDeploymentPostprocessing = 0;
			shellPath = /bin/sh;
			shellScript = "export NODE_BINARY=node\n../node_modules/react-native/scripts/react-native-xcode.sh";
		};
		632BE85ECC870A60840739FF /* [CP] Check Pods Manifest.lock */ = {
			isa = PBXShellScriptBuildPhase;
			buildActionMask = 2147483647;
			files = (
			);
			inputFileListPaths = (
			);
			inputPaths = (
				"${PODS_PODFILE_DIR_PATH}/Podfile.lock",
				"${PODS_ROOT}/Manifest.lock",
			);
			name = "[CP] Check Pods Manifest.lock";
			outputFileListPaths = (
			);
			outputPaths = (
				"$(DERIVED_FILE_DIR)/Pods-CargasNordeste-checkManifestLockResult.txt",
			);
			runOnlyForDeploymentPostprocessing = 0;
			shellPath = /bin/sh;
			shellScript = "diff \"${PODS_PODFILE_DIR_PATH}/Podfile.lock\" \"${PODS_ROOT}/Manifest.lock\" > /dev/null\nif [ $? != 0 ] ; then\n    # print error to STDERR\n    echo \"error: The sandbox is not in sync with the Podfile.lock. Run 'pod install' or update your CocoaPods installation.\" >&2\n    exit 1\nfi\n# This output is used by Xcode 'outputs' to avoid re-running this script phase.\necho \"SUCCESS\" > \"${SCRIPT_OUTPUT_FILE_0}\"\n";
			showEnvVarsInLog = 0;
		};
		7CC8C5398B68D063F66D8471 /* [CP] Copy Pods Resources */ = {
			isa = PBXShellScriptBuildPhase;
			buildActionMask = 2147483647;
			files = (
			);
			inputPaths = (
				"${PODS_ROOT}/Target Support Files/Pods-CargasNordeste/Pods-CargasNordeste-resources.sh",
				"${PODS_CONFIGURATION_BUILD_DIR}/React-Core/AccessibilityResources.bundle",
			);
			name = "[CP] Copy Pods Resources";
			outputPaths = (
				"${TARGET_BUILD_DIR}/${UNLOCALIZED_RESOURCES_FOLDER_PATH}/AccessibilityResources.bundle",
			);
			runOnlyForDeploymentPostprocessing = 0;
			shellPath = /bin/sh;
			shellScript = "\"${PODS_ROOT}/Target Support Files/Pods-CargasNordeste/Pods-CargasNordeste-resources.sh\"\n";
			showEnvVarsInLog = 0;
		};
/* End PBXShellScriptBuildPhase section */

/* Begin PBXSourcesBuildPhase section */
		13B07F871A680F5B00A75B9A /* Sources */ = {
			isa = PBXSourcesBuildPhase;
			buildActionMask = 2147483647;
			files = (
				13B07FBC1A68108700A75B9A /* AppDelegate.m in Sources */,
				13B07FC11A68108700A75B9A /* main.m in Sources */,
				F3DE598525FBB1DA009D317B /* Empty.swift in Sources */,
			);
			runOnlyForDeploymentPostprocessing = 0;
		};
/* End PBXSourcesBuildPhase section */

/* Begin PBXVariantGroup section */
		13B07FB11A68108700A75B9A /* LaunchScreen.xib */ = {
			isa = PBXVariantGroup;
			children = (
				13B07FB21A68108700A75B9A /* Base */,
			);
			name = LaunchScreen.xib;
			path = CargasNordeste;
			sourceTree = "<group>";
		};
/* End PBXVariantGroup section */

/* Begin XCBuildConfiguration section */
		13B07F941A680F5B00A75B9A /* Debug */ = {
			isa = XCBuildConfiguration;
			baseConfigurationReference = D1A59D0D181129347C6F4AB4 /* Pods-CargasNordeste.debug.xcconfig */;
			buildSettings = {
				ASSETCATALOG_COMPILER_APPICON_NAME = AppIcon;
				CLANG_ENABLE_MODULES = YES;
				CURRENT_PROJECT_VERSION = 1;
				DEAD_CODE_STRIPPING = NO;
				DEVELOPMENT_TEAM = 7BDK5V6R2A;
				HEADER_SEARCH_PATHS = "$(inherited)";
				INFOPLIST_FILE = CargasNordeste/Info.plist;
				IPHONEOS_DEPLOYMENT_TARGET = 12.4;
				LD_RUNPATH_SEARCH_PATHS = "$(inherited) @executable_path/Frameworks";
				OTHER_LDFLAGS = (
					"$(inherited)",
					"-ObjC",
					"-lc++",
				);
				PRODUCT_BUNDLE_IDENTIFIER = br.com.expnordeste.app.cargas;
				PRODUCT_NAME = CargasNordeste;
				SWIFT_OBJC_BRIDGING_HEADER = "CargasNordeste-Bridging-Header.h";
				SWIFT_OPTIMIZATION_LEVEL = "-Onone";
				SWIFT_VERSION = 5.0;
				VERSIONING_SYSTEM = "apple-generic";
			};
			name = Debug;
		};
		13B07F951A680F5B00A75B9A /* Release */ = {
			isa = XCBuildConfiguration;
			baseConfigurationReference = 03CE11DCCC19EDBA0D6C6B00 /* Pods-CargasNordeste.release.xcconfig */;
			buildSettings = {
				ASSETCATALOG_COMPILER_APPICON_NAME = AppIcon;
				CLANG_ENABLE_MODULES = YES;
				CURRENT_PROJECT_VERSION = 1;
				DEVELOPMENT_TEAM = 7BDK5V6R2A;
				HEADER_SEARCH_PATHS = "$(inherited)";
				INFOPLIST_FILE = CargasNordeste/Info.plist;
				IPHONEOS_DEPLOYMENT_TARGET = 12.4;
				LD_RUNPATH_SEARCH_PATHS = "$(inherited) @executable_path/Frameworks";
				OTHER_LDFLAGS = (
					"$(inherited)",
					"-ObjC",
					"-lc++",
				);
				PRODUCT_BUNDLE_IDENTIFIER = br.com.expnordeste.app.cargas;
				PRODUCT_NAME = CargasNordeste;
				SWIFT_OBJC_BRIDGING_HEADER = "CargasNordeste-Bridging-Header.h";
				SWIFT_VERSION = 5.0;
				VERSIONING_SYSTEM = "apple-generic";
			};
			name = Release;
		};
		83CBBA201A601CBA00E9B192 /* Debug */ = {
			isa = XCBuildConfiguration;
			buildSettings = {
				ALWAYS_SEARCH_USER_PATHS = NO;
				CLANG_CXX_LANGUAGE_STANDARD = "gnu++0x";
				CLANG_CXX_LIBRARY = "libc++";
				CLANG_ENABLE_MODULES = YES;
				CLANG_ENABLE_OBJC_ARC = YES;
				CLANG_WARN_BOOL_CONVERSION = YES;
				CLANG_WARN_CONSTANT_CONVERSION = YES;
				CLANG_WARN_DIRECT_OBJC_ISA_USAGE = YES_ERROR;
				CLANG_WARN_EMPTY_BODY = YES;
				CLANG_WARN_ENUM_CONVERSION = YES;
				CLANG_WARN_INT_CONVERSION = YES;
				CLANG_WARN_OBJC_ROOT_CLASS = YES_ERROR;
				CLANG_WARN_UNREACHABLE_CODE = YES;
				CLANG_WARN__DUPLICATE_METHOD_MATCH = YES;
				"CODE_SIGN_IDENTITY[sdk=iphoneos*]" = "iPhone Developer";
				COPY_PHASE_STRIP = NO;
				ENABLE_STRICT_OBJC_MSGSEND = YES;
				GCC_C_LANGUAGE_STANDARD = gnu99;
				GCC_DYNAMIC_NO_PIC = NO;
				GCC_OPTIMIZATION_LEVEL = 0;
				GCC_PREPROCESSOR_DEFINITIONS = (
					"DEBUG=1",
					"$(inherited)",
				);
				GCC_SYMBOLS_PRIVATE_EXTERN = NO;
				GCC_WARN_64_TO_32_BIT_CONVERSION = YES;
				GCC_WARN_ABOUT_RETURN_TYPE = YES_ERROR;
				GCC_WARN_UNDECLARED_SELECTOR = YES;
				GCC_WARN_UNINITIALIZED_AUTOS = YES_AGGRESSIVE;
				GCC_WARN_UNUSED_FUNCTION = YES;
				GCC_WARN_UNUSED_VARIABLE = YES;
				IPHONEOS_DEPLOYMENT_TARGET = 10.0;
				MTL_ENABLE_DEBUG_INFO = YES;
				ONLY_ACTIVE_ARCH = YES;
				SDKROOT = iphoneos;
			};
			name = Debug;
		};
		83CBBA211A601CBA00E9B192 /* Release */ = {
			isa = XCBuildConfiguration;
			buildSettings = {
				ALWAYS_SEARCH_USER_PATHS = NO;
				CLANG_CXX_LANGUAGE_STANDARD = "gnu++0x";
				CLANG_CXX_LIBRARY = "libc++";
				CLANG_ENABLE_MODULES = YES;
				CLANG_ENABLE_OBJC_ARC = YES;
				CLANG_WARN_BOOL_CONVERSION = YES;
				CLANG_WARN_CONSTANT_CONVERSION = YES;
				CLANG_WARN_DIRECT_OBJC_ISA_USAGE = YES_ERROR;
				CLANG_WARN_EMPTY_BODY = YES;
				CLANG_WARN_ENUM_CONVERSION = YES;
				CLANG_WARN_INT_CONVERSION = YES;
				CLANG_WARN_OBJC_ROOT_CLASS = YES_ERROR;
				CLANG_WARN_UNREACHABLE_CODE = YES;
				CLANG_WARN__DUPLICATE_METHOD_MATCH = YES;
				"CODE_SIGN_IDENTITY[sdk=iphoneos*]" = "iPhone Developer";
				COPY_PHASE_STRIP = YES;
				ENABLE_NS_ASSERTIONS = NO;
				ENABLE_STRICT_OBJC_MSGSEND = YES;
				GCC_C_LANGUAGE_STANDARD = gnu99;
				GCC_WARN_64_TO_32_BIT_CONVERSION = YES;
				GCC_WARN_ABOUT_RETURN_TYPE = YES_ERROR;
				GCC_WARN_UNDECLARED_SELECTOR = YES;
				GCC_WARN_UNINITIALIZED_AUTOS = YES_AGGRESSIVE;
				GCC_WARN_UNUSED_FUNCTION = YES;
				GCC_WARN_UNUSED_VARIABLE = YES;
				IPHONEOS_DEPLOYMENT_TARGET = 10.0;
				MTL_ENABLE_DEBUG_INFO = NO;
				SDKROOT = iphoneos;
				VALIDATE_PRODUCT = YES;
			};
			name = Release;
		};
/* End XCBuildConfiguration section */

/* Begin XCConfigurationList section */
		13B07F931A680F5B00A75B9A /* Build configuration list for PBXNativeTarget "CargasNordeste" */ = {
			isa = XCConfigurationList;
			buildConfigurations = (
				13B07F941A680F5B00A75B9A /* Debug */,
				13B07F951A680F5B00A75B9A /* Release */,
			);
			defaultConfigurationIsVisible = 0;
			defaultConfigurationName = Release;
		};
		83CBB9FA1A601CBA00E9B192 /* Build configuration list for PBXProject "CargasNordeste" */ = {
			isa = XCConfigurationList;
			buildConfigurations = (
				83CBBA201A601CBA00E9B192 /* Debug */,
				83CBBA211A601CBA00E9B192 /* Release */,
			);
			defaultConfigurationIsVisible = 0;
			defaultConfigurationName = Release;
		};
/* End XCConfigurationList section */
	};
	rootObject = 83CBB9F71A601CBA00E9B192 /* Project object */;
}
